
Microsoft Visual Studio Solution File, Format Version 12.00
# Visual Studio Version 16
VisualStudioVersion = 16.0.29613.14
MinimumVisualStudioVersion = 10.0.40219.1
Project("{FAE04EC0-301F-11D3-BF4B-00C04F79EFBC}") = "BeautySaloonWPF", "BeautySaloonWPF\BeautySaloonWPF.csproj", "{3A985527-B74D-4F09-BF42-3AC874BD01FC}"
EndProject
Global
	GlobalSection(SolutionConfigurationPlatforms) = preSolution
		Debug|Any CPU = Debug|Any CPU
		Release|Any CPU = Release|Any CPU
	EndGlobalSection
	GlobalSection(ProjectConfigurationPlatforms) = postSolution
		{3A985527-B74D-4F09-BF42-3AC874BD01FC}.Debug|Any CPU.ActiveCfg = Debug|Any CPU
		{3A985527-B74D-4F09-BF42-3AC874BD01FC}.Debug|Any CPU.Build.0 = Debug|Any CPU
		{3A985527-B74D-4F09-BF42-3AC874BD01FC}.Release|Any CPU.ActiveCfg = Release|Any CPU
		{3A985527-B74D-4F09-BF42-3AC874BD01FC}.Release|Any CPU.Build.0 = Release|Any CPU
	EndGlobalSection
	GlobalSection(SolutionProperties) = preSolution
		HideSolutionNode = FALSE
	EndGlobalSection
	GlobalSection(ExtensibilityGlobals) = postSolution
		SolutionGuid = {20265DB7-7E1A-47AE-A857-10E2D5CBAB31}
	EndGlobalSection
EndGlobal
